{
  "schema_version": 1,
  "generated_at": "2026-07-15T16:26:56.927Z",
  "packages": [
    {
      "package_id": "superpowers",
      "repository": "https://github.com/obra/superpowers",
      "revision": {
        "type": "commit",
        "value": "f268f7c953744036f0fa7e9d4b73535c04e57cb8"
      },
      "package_root": "registry/packages/superpowers/f268f7c953744036f0fa7e9d4b73535c04e57cb8",
      "integrity": {
        "git_tree": "77c3a5e93b6161e6250a59cfef341f210fd6e9b1"
      },
      "license": {
        "spdx": "MIT",
        "path": "LICENSE",
        "sha256": "a37e0e9697144819e1d965176ac4ae5bc3fa02d11e7812036bbcadf6dafe2400"
      },
      "modified": false,
      "architectural_owner": "development-process",
      "vendor": {
        "vendor_id": "obra",
        "vend_kind": "claude_plugin_marketplace"
      },
      "initiation": {
        "kind": "skill_repository",
        "enabled_components": [
          "skill",
          "agent",
          "command",
          "hook"
        ],
        "notes": "Skill/plugin marketplace package; do not initiate as mcpServer-only."
      }
    },
    {
      "package_id": "compound-engineering",
      "repository": "https://github.com/EveryInc/compound-engineering-plugin",
      "revision": {
        "type": "commit",
        "value": "db21ba21eff9cc216537cd75c6e44dd49e1a4200"
      },
      "package_root": "registry/packages/compound-engineering/db21ba21eff9cc216537cd75c6e44dd49e1a4200",
      "integrity": {
        "git_tree": "6b0791bc685a17d9176e4c3c83441dd1c72bab29"
      },
      "license": {
        "spdx": "MIT",
        "path": "LICENSE",
        "sha256": "61d89de7646effdaba2d0a4ab7bd0eba60b4094b83efe5bc73c7940e43e93fc6"
      },
      "modified": false,
      "architectural_owner": "engineering-lifecycle",
      "vendor": {
        "vendor_id": "every-inc",
        "vend_kind": "claude_plugin_marketplace"
      },
      "initiation": {
        "kind": "skill_repository",
        "enabled_components": [
          "skill",
          "agent",
          "workflow",
          "command"
        ],
        "notes": "Skill/plugin marketplace package; do not initiate as mcpServer-only."
      }
    },
    {
      "package_id": "ponytail",
      "repository": "https://github.com/DietrichGebert/ponytail",
      "revision": {
        "type": "commit",
        "value": "40e50d9e03242aa5dd53ac771950f9127362b25f"
      },
      "package_root": "registry/packages/ponytail/40e50d9e03242aa5dd53ac771950f9127362b25f",
      "integrity": {
        "git_tree": "37fdd4278229a80353aef4a45f9403a4c42e49f8"
      },
      "license": {
        "spdx": "MIT",
        "path": "LICENSE",
        "sha256": "fb1bc6909ac3ef82d5c22106e32ef682b0cff66788fa915fb9b53b15c9d2f3ab"
      },
      "modified": false,
      "architectural_owner": "ponytail",
      "vendor": {
        "vendor_id": "ponytail",
        "vend_kind": "claude_plugin_marketplace"
      },
      "initiation": {
        "kind": "skill_repository",
        "enabled_components": [
          "skill",
          "command",
          "hook"
        ],
        "notes": "Skill/plugin marketplace package; do not initiate as mcpServer-only."
      }
    },
    {
      "package_id": "caveman",
      "repository": "https://github.com/JuliusBrussee/caveman",
      "revision": {
        "type": "commit",
        "value": "25d22f864ad68cc447a4cb93aefde918aa4aec9f"
      },
      "package_root": "registry/packages/caveman/25d22f864ad68cc447a4cb93aefde918aa4aec9f",
      "integrity": {
        "git_tree": "7beba50021259b759498b01ac3215ba3de740654"
      },
      "license": {
        "spdx": "MIT",
        "path": "LICENSE",
        "sha256": "5eb826cd03151bcc7cce3f80d40e87733237fedfc6c36d6908aca5fd650a0bdb"
      },
      "modified": false,
      "architectural_owner": "caveman",
      "vendor": {
        "vendor_id": "caveman",
        "vend_kind": "claude_plugin_marketplace"
      },
      "initiation": {
        "kind": "skill_repository",
        "enabled_components": [
          "skill",
          "command",
          "hook",
          "agent"
        ],
        "notes": "Skill/plugin marketplace package; do not initiate as mcpServer-only."
      }
    },
    {
      "package_id": "hhpe-overlays",
      "repository": "local:hhpe-hrg",
      "revision": {
        "type": "overlay",
        "value": "1"
      },
      "package_root": "registry/overlays/wrappers",
      "integrity": {
        "policy": "tracked-by-registry-git"
      },
      "license": {
        "spdx": "Proprietary",
        "path": "."
      },
      "modified": true,
      "architectural_owner": "hhpe-hrg",
      "initiation": {
        "kind": "local_overlay",
        "enabled_components": [
          "skill",
          "command"
        ],
        "notes": "HHPE-owned routing wrappers and policy skills."
      }
    },
    {
      "package_id": "serena",
      "repository": "https://github.com/oraios/serena",
      "revision": {
        "type": "commit",
        "value": "6018bf461644dbf405d9ed1d3c3cde2ca07bb8b0"
      },
      "package_root": "registry/packages/serena/6018bf461644dbf405d9ed1d3c3cde2ca07bb8b0",
      "integrity": {
        "git_tree": "baa862570b5fba087f789cbbf657f73dd1680e1c"
      },
      "license": {
        "spdx": "MIT",
        "path": "LICENSE",
        "sha256": "16017e50562bb112006f6f32d17ca989e0e573b011bd6790b642018b1c195b0c"
      },
      "modified": false,
      "architectural_owner": "oraios",
      "vendor": {
        "vendor_id": "oraios",
        "display_name": "Oraios AI",
        "vend_kind": "mcp_server_package",
        "marketplace_identity": "io.github.oraios/serena"
      },
      "initiation": {
        "kind": "mcp_repository",
        "enabled_components": [
          "mcpServer"
        ],
        "notes": "MCP repository; CLI/runtime is complementary. Do not initiate as a skill marketplace."
      }
    },
    {
      "package_id": "trailofbits",
      "repository": "https://github.com/trailofbits/skills",
      "revision": {
        "type": "commit",
        "value": "cfe5d7b1619e47fb5b38b7e2561dad7e5f1e89af"
      },
      "package_root": "registry/packages/trailofbits/cfe5d7b1619e47fb5b38b7e2561dad7e5f1e89af",
      "integrity": {
        "git_tree": "5cc023e22a3daabb40a91d7f933062a73442c19d"
      },
      "license": {
        "spdx": "CC-BY-SA-4.0",
        "path": "LICENSE",
        "sha256": "7abe19ec9bb73b36141b999b861d24ad855e808bafe0f81e84cce28556f6c297"
      },
      "modified": false,
      "architectural_owner": "security-specialist-capabilities",
      "vendor": {
        "vendor_id": "trail-of-bits",
        "vend_kind": "claude_plugin_marketplace"
      },
      "initiation": {
        "kind": "skill_repository",
        "enabled_components": [
          "skill",
          "agent",
          "command"
        ],
        "notes": "Skill/plugin marketplace package; do not initiate as mcpServer-only."
      }
    },
    {
      "package_id": "context7",
      "repository": "https://github.com/upstash/context7",
      "revision": {
        "type": "commit",
        "value": "eb7ac502f6e83692363375d3088d550afa298a60"
      },
      "package_root": "registry/packages/context7/eb7ac502f6e83692363375d3088d550afa298a60",
      "integrity": {
        "git_tree": "7cc356b5681cef45ab459f43800ae16468b036bb"
      },
      "license": {
        "spdx": "MIT",
        "path": "LICENSE",
        "sha256": "85cfb556dc2b22b55d2565674fcdaac82f3f2f6b7a928d27003132721bb6736c"
      },
      "modified": false,
      "architectural_owner": "upstash",
      "vendor": {
        "vendor_id": "upstash",
        "display_name": "Upstash",
        "vend_kind": "mcp_server_package",
        "marketplace_identity": "io.github.upstash/context7"
      },
      "initiation": {
        "kind": "mcp_repository",
        "enabled_components": [
          "mcpServer"
        ],
        "application_transport": "cli_plus_skill_preferred",
        "notes": "Upstream is an MCP platform (packages/mcp + server.json). HHPE application prefers task-triggered CLI (ctx7) + guidance skill over always-loaded MCP; MCP remains available as mcpServer."
      }
    },
    {
      "package_id": "playwright-mcp",
      "repository": "https://github.com/microsoft/playwright-mcp",
      "revision": {
        "type": "commit",
        "value": "55679f5f3d4b4f3e2534ec0ce2fc5683ba2eaf3f"
      },
      "package_root": "registry/packages/playwright-mcp/55679f5f3d4b4f3e2534ec0ce2fc5683ba2eaf3f",
      "integrity": {
        "git_tree": "d870c677c26220caf7cab9ec02ee0c9786d614d2"
      },
      "license": {
        "spdx": "Apache-2.0",
        "path": "LICENSE",
        "sha256": "9a7110fc2d2f964038e5dc49128f908f29f47a574c961cba16085914e879cbda"
      },
      "modified": false,
      "architectural_owner": "microsoft",
      "vendor": {
        "vendor_id": "microsoft",
        "display_name": "Microsoft",
        "vend_kind": "mcp_server_package",
        "marketplace_identity": "io.github.microsoft/playwright-mcp",
        "related_framework": "https://github.com/microsoft/playwright"
      },
      "initiation": {
        "kind": "mcp_repository",
        "enabled_components": [
          "mcpServer"
        ],
        "application_transport": "cli_plus_skill_preferred",
        "notes": "MCP entry for Playwright browser tools. Full microsoft/playwright monorepo is not pinned; HHPE browser acceptance application uses @playwright/cli + guidance skill, with this MCP package available as mcpServer."
      }
    },
    {
      "package_id": "ast-grep",
      "repository": "https://github.com/ast-grep/ast-grep",
      "revision": {
        "type": "commit",
        "value": "fc26e866c7bf66f5a84e538525e0357dbb3ed352"
      },
      "package_root": "registry/packages/ast-grep/fc26e866c7bf66f5a84e538525e0357dbb3ed352",
      "integrity": {
        "git_tree": "95d9933f9774f18e023eca6e4d1d3a9697d07085"
      },
      "license": {
        "spdx": "MIT",
        "path": "LICENSE",
        "sha256": "81471889c77b2161a3e4dcdb1b2e6ca382e485766132d92d5fe1d7497e7dd2d9"
      },
      "modified": false,
      "architectural_owner": "ast-grep",
      "vendor": {
        "vendor_id": "ast-grep",
        "display_name": "ast-grep",
        "vend_kind": "cli_runtime_package",
        "marketplace_identity": null
      },
      "initiation": {
        "kind": "cli_repository",
        "enabled_components": [],
        "application_transport": "cli_plus_skill",
        "notes": "CLI/structural-search repository, not an MCP product. HHPE initiates as CLI runtime + HHPE guidance skill. Do not initiate third-party ast-grep MCP wrappers as the HHPE application path."
      }
    }
  ]
}
